
Microsoft Visual Studio Solution File, Format Version 12.00
# Visual Studio 14
VisualStudioVersion = 14.0.25420.1
MinimumVisualStudioVersion = 10.0.40219.1
Project("{FAE04EC0-301F-11D3-BF4B-00C04F79EFBC}") = "AutoLotDAL_V4", "AutoLotDAL_V4\AutoLotDAL_V4.csproj", "{743F2629-7ACB-4A62-B2B6-BBEA3FA33C4A}"
EndProject
Project("{FAE04EC0-301F-11D3-BF4B-00C04F79EFBC}") = "AutoLotTestDrive", "AutoLotTestDrive\AutoLotTestDrive.csproj", "{C551A0D8-3635-47F3-B987-6C7B2C92EB36}"
EndProject
Global
	GlobalSection(SolutionConfigurationPlatforms) = preSolution
		Debug|Any CPU = Debug|Any CPU
		Release|Any CPU = Release|Any CPU
	EndGlobalSection
	GlobalSection(ProjectConfigurationPlatforms) = postSolution
		{743F2629-7ACB-4A62-B2B6-BBEA3FA33C4A}.Debug|Any CPU.ActiveCfg = Debug|Any CPU
		{743F2629-7ACB-4A62-B2B6-BBEA3FA33C4A}.Debug|Any CPU.Build.0 = Debug|Any CPU
		{743F2629-7ACB-4A62-B2B6-BBEA3FA33C4A}.Release|Any CPU.ActiveCfg = Release|Any CPU
		{743F2629-7ACB-4A62-B2B6-BBEA3FA33C4A}.Release|Any CPU.Build.0 = Release|Any CPU
		{C551A0D8-3635-47F3-B987-6C7B2C92EB36}.Debug|Any CPU.ActiveCfg = Debug|Any CPU
		{C551A0D8-3635-47F3-B987-6C7B2C92EB36}.Debug|Any CPU.Build.0 = Debug|Any CPU
		{C551A0D8-3635-47F3-B987-6C7B2C92EB36}.Release|Any CPU.ActiveCfg = Release|Any CPU
		{C551A0D8-3635-47F3-B987-6C7B2C92EB36}.Release|Any CPU.Build.0 = Release|Any CPU
	EndGlobalSection
	GlobalSection(SolutionProperties) = preSolution
		HideSolutionNode = FALSE
	EndGlobalSection
EndGlobal
